<?xml version="1.0" encoding="utf-8"?>
<Project ToolsVersion="4.0" xmlns="http://schemas.microsoft.com/developer/msbuild/2003">
  <ItemGroup>
    <Filter Include="Source Files">
      <UniqueIdentifier>{4FC737F1-C7A5-4376-A066-2A32D752A2FF}</UniqueIdentifier>
      <Extensions>cpp;c;cc;cxx;def;odl;idl;hpj;bat;asm;asmx</Extensions>
    </Filter>
    <Filter Include="Header Files">
      <UniqueIdentifier>{93995380-89BD-4b04-88EB-625FBE52EBFB}</UniqueIdentifier>
      <Extensions>h;hh;hpp;hxx;hm;inl;inc;xsd</Extensions>
    </Filter>
    <Filter Include="Resource Files">
      <UniqueIdentifier>{67DA6AB6-F800-4c08-8B7A-83BB121AAD01}</UniqueIdentifier>
      <Extensions>rc;ico;cur;bmp;dlg;rc2;rct;bin;rgs;gif;jpg;jpeg;jpe;resx;tiff;tif;png;wav;mfcribbon-ms</Extensions>
    </Filter>
    <Filter Include="EyeRecognizer">
      <UniqueIdentifier>{26cd39d8-583b-4aa0-8987-39abe53f54c9}</UniqueIdentifier>
    </Filter>
    <Filter Include="Flooder">
      <UniqueIdentifier>{aedfec53-07ff-4247-9a53-a15b37e7ac92}</UniqueIdentifier>
    </Filter>
  </ItemGroup>
  <ItemGroup>
    <None Include="packages.config" />
  </ItemGroup>
  <ItemGroup>
    <ClCompile Include="main.cpp">
      <Filter>Source Files</Filter>
    </ClCompile>
    <ClCompile Include="create_bmp.cpp">
      <Filter>Source Files</Filter>
    </ClCompile>
    <ClCompile Include="bgr_to_monochrome.cpp">
      <Filter>Source Files</Filter>
    </ClCompile>
    <ClCompile Include="monochro_to_bgr.cpp">
      <Filter>Source Files</Filter>
    </ClCompile>
    <ClCompile Include="dif_filtering.cpp">
      <Filter>Source Files</Filter>
    </ClCompile>
    <ClCompile Include="binarization.cpp">
      <Filter>Source Files</Filter>
    </ClCompile>
    <ClCompile Include="my_mouse_callback.cpp">
      <Filter>Source Files</Filter>
    </ClCompile>
    <ClCompile Include="eye_recog.cpp">
      <Filter>Source Files</Filter>
    </ClCompile>
    <ClCompile Include="EyeRecognizer.cpp">
      <Filter>EyeRecognizer</Filter>
    </ClCompile>
    <ClCompile Include="Flooder.cpp">
      <Filter>Flooder</Filter>
    </ClCompile>
  </ItemGroup>
  <ItemGroup>
    <ClInclude Include="EyeRecognizer.h">
      <Filter>EyeRecognizer</Filter>
    </ClInclude>
    <ClInclude Include="Coor2.h">
      <Filter>Header Files</Filter>
    </ClInclude>
    <ClInclude Include="MouseData.h">
      <Filter>Header Files</Filter>
    </ClInclude>
    <ClInclude Include="MouseWrapper.h">
      <Filter>Header Files</Filter>
    </ClInclude>
    <ClInclude Include="Array2D.h">
      <Filter>Header Files</Filter>
    </ClInclude>
    <ClInclude Include="Flooder.h">
      <Filter>Flooder</Filter>
    </ClInclude>
    <ClInclude Include="Rectangle.h">
      <Filter>Header Files</Filter>
    </ClInclude>
  </ItemGroup>
</Project>